
Microsoft Visual Studio Solution File, Format Version 12.00
# Visual Studio Version 17
VisualStudioVersion = 17.1.32228.430
MinimumVisualStudioVersion = 10.0.40219.1
Project("{8BC9CEB8-8B4A-11D0-8D11-00A0C91BC942}") = "3D_dahyun", "3D_dahyun\3D_dahyun.vcxproj", "{9A9DB57F-DCE3-4B81-A0C8-CDF94C885C72}"
EndProject
Global
	GlobalSection(SolutionConfigurationPlatforms) = preSolution
		Debug|x64 = Debug|x64
		Debug|x86 = Debug|x86
		Release|x64 = Release|x64
		Release|x86 = Release|x86
	EndGlobalSection
	GlobalSection(ProjectConfigurationPlatforms) = postSolution
		{9A9DB57F-DCE3-4B81-A0C8-CDF94C885C72}.Debug|x64.ActiveCfg = Debug|x64
		{9A9DB57F-DCE3-4B81-A0C8-CDF94C885C72}.Debug|x64.Build.0 = Debug|x64
		{9A9DB57F-DCE3-4B81-A0C8-CDF94C885C72}.Debug|x86.ActiveCfg = Debug|Win32
		{9A9DB57F-DCE3-4B81-A0C8-CDF94C885C72}.Debug|x86.Build.0 = Debug|Win32
		{9A9DB57F-DCE3-4B81-A0C8-CDF94C885C72}.Release|x64.ActiveCfg = Release|x64
		{9A9DB57F-DCE3-4B81-A0C8-CDF94C885C72}.Release|x64.Build.0 = Release|x64
		{9A9DB57F-DCE3-4B81-A0C8-CDF94C885C72}.Release|x86.ActiveCfg = Release|Win32
		{9A9DB57F-DCE3-4B81-A0C8-CDF94C885C72}.Release|x86.Build.0 = Release|Win32
	EndGlobalSection
	GlobalSection(SolutionProperties) = preSolution
		HideSolutionNode = FALSE
	EndGlobalSection
	GlobalSection(ExtensibilityGlobals) = postSolution
		SolutionGuid = {1C1AF772-1408-4E32-8CDC-3EBA458601A2}
	EndGlobalSection
EndGlobal
